
Microsoft Visual Studio Solution File, Format Version 12.00
# Visual Studio Version 17
VisualStudioVersion = 17.0.31903.59
MinimumVisualStudioVersion = 10.0.40219.1
Project("{2150E333-8FDC-42A3-9474-1A3956D46DE8}") = "src", "src", "{827E0CD3-B72D-47B6-A68D-7590B98EB39B}"
EndProject
Project("{FAE04EC0-301F-11D3-BF4B-00C04F79EFBC}") = "CoreDesk.App", "src\CoreDesk.App\CoreDesk.App.csproj", "{0159955F-A1DB-42E8-9635-006D18E91FD0}"
EndProject
Project("{FAE04EC0-301F-11D3-BF4B-00C04F79EFBC}") = "CoreDesk.Abstractions", "src\CoreDesk.Abstractions\CoreDesk.Abstractions.csproj", "{E0E9E670-03E0-4867-B6B3-29F11B7FD968}"
EndProject
Project("{FAE04EC0-301F-11D3-BF4B-00C04F79EFBC}") = "CoreDesk.Application", "src\CoreDesk.Application\CoreDesk.Application.csproj", "{3FAEFC44-A02D-40BF-89C7-FE94348039D4}"
EndProject
Project("{FAE04EC0-301F-11D3-BF4B-00C04F79EFBC}") = "CoreDesk.Persistence", "src\CoreDesk.Persistence\CoreDesk.Persistence.csproj", "{EAB4ACCB-9A8F-4F06-9ED5-E6D2651B4B57}"
EndProject
Project("{FAE04EC0-301F-11D3-BF4B-00C04F79EFBC}") = "CoreDesk.Windows", "src\CoreDesk.Windows\CoreDesk.Windows.csproj", "{8F47975C-D642-4737-B0C2-B814F1BF0B3C}"
EndProject
Project("{FAE04EC0-301F-11D3-BF4B-00C04F79EFBC}") = "CoreDesk.Tests", "tests\CoreDesk.Tests\CoreDesk.Tests.csproj", "{7FFB8A34-B02A-48A6-A6FE-ED5D13B85C33}"
EndProject
Project("{2150E333-8FDC-42A3-9474-1A3956D46DE8}") = "tests", "tests", "{0AB3BF05-4346-4AA6-1389-037BE0695223}"
EndProject
Project("{FAE04EC0-301F-11D3-BF4B-00C04F79EFBC}") = "CoreDesk.UiTests", "tests\CoreDesk.UiTests\CoreDesk.UiTests.csproj", "{434B1B37-A05C-49E6-A5CD-E123EFC5DA02}"
EndProject
Project("{FAE04EC0-301F-11D3-BF4B-00C04F79EFBC}") = "CoreDesk.Dock", "src\CoreDesk.Dock\CoreDesk.Dock.csproj", "{30962CC6-CB24-4637-B7D3-4B1B382EDB9D}"
EndProject
Project("{FAE04EC0-301F-11D3-BF4B-00C04F79EFBC}") = "CoreDesk.LiquidGlass", "src\CoreDesk.LiquidGlass\CoreDesk.LiquidGlass.csproj", "{E86FAC9E-F5B5-478C-B7F5-893626F9B89F}"
EndProject
Project("{FAE04EC0-301F-11D3-BF4B-00C04F79EFBC}") = "CoreDesk.LiquidGlass.TestHost", "tests\CoreDesk.LiquidGlass.TestHost\CoreDesk.LiquidGlass.TestHost.csproj", "{03ED7AD8-06BC-40C1-82A7-0B3117C65AC5}"
EndProject
Global
	GlobalSection(SolutionConfigurationPlatforms) = preSolution
		Debug|Any CPU = Debug|Any CPU
		Debug|x64 = Debug|x64
		Debug|x86 = Debug|x86
		Release|Any CPU = Release|Any CPU
		Release|x64 = Release|x64
		Release|x86 = Release|x86
	EndGlobalSection
	GlobalSection(ProjectConfigurationPlatforms) = postSolution
		{0159955F-A1DB-42E8-9635-006D18E91FD0}.Debug|Any CPU.ActiveCfg = Debug|x64
		{0159955F-A1DB-42E8-9635-006D18E91FD0}.Debug|Any CPU.Build.0 = Debug|x64
		{0159955F-A1DB-42E8-9635-006D18E91FD0}.Debug|x64.ActiveCfg = Debug|x64
		{0159955F-A1DB-42E8-9635-006D18E91FD0}.Debug|x64.Build.0 = Debug|x64
		{0159955F-A1DB-42E8-9635-006D18E91FD0}.Debug|x86.ActiveCfg = Debug|x86
		{0159955F-A1DB-42E8-9635-006D18E91FD0}.Debug|x86.Build.0 = Debug|x86
		{0159955F-A1DB-42E8-9635-006D18E91FD0}.Release|Any CPU.ActiveCfg = Release|x64
		{0159955F-A1DB-42E8-9635-006D18E91FD0}.Release|Any CPU.Build.0 = Release|x64
		{0159955F-A1DB-42E8-9635-006D18E91FD0}.Release|x64.ActiveCfg = Release|x64
		{0159955F-A1DB-42E8-9635-006D18E91FD0}.Release|x64.Build.0 = Release|x64
		{0159955F-A1DB-42E8-9635-006D18E91FD0}.Release|x86.ActiveCfg = Release|x86
		{0159955F-A1DB-42E8-9635-006D18E91FD0}.Release|x86.Build.0 = Release|x86
		{E0E9E670-03E0-4867-B6B3-29F11B7FD968}.Debug|Any CPU.ActiveCfg = Debug|Any CPU
		{E0E9E670-03E0-4867-B6B3-29F11B7FD968}.Debug|Any CPU.Build.0 = Debug|Any CPU
		{E0E9E670-03E0-4867-B6B3-29F11B7FD968}.Debug|x64.ActiveCfg = Debug|Any CPU
		{E0E9E670-03E0-4867-B6B3-29F11B7FD968}.Debug|x64.Build.0 = Debug|Any CPU
		{E0E9E670-03E0-4867-B6B3-29F11B7FD968}.Debug|x86.ActiveCfg = Debug|Any CPU
		{E0E9E670-03E0-4867-B6B3-29F11B7FD968}.Debug|x86.Build.0 = Debug|Any CPU
		{E0E9E670-03E0-4867-B6B3-29F11B7FD968}.Release|Any CPU.ActiveCfg = Release|Any CPU
		{E0E9E670-03E0-4867-B6B3-29F11B7FD968}.Release|Any CPU.Build.0 = Release|Any CPU
		{E0E9E670-03E0-4867-B6B3-29F11B7FD968}.Release|x64.ActiveCfg = Release|Any CPU
		{E0E9E670-03E0-4867-B6B3-29F11B7FD968}.Release|x64.Build.0 = Release|Any CPU
		{E0E9E670-03E0-4867-B6B3-29F11B7FD968}.Release|x86.ActiveCfg = Release|Any CPU
		{E0E9E670-03E0-4867-B6B3-29F11B7FD968}.Release|x86.Build.0 = Release|Any CPU
		{3FAEFC44-A02D-40BF-89C7-FE94348039D4}.Debug|Any CPU.ActiveCfg = Debug|Any CPU
		{3FAEFC44-A02D-40BF-89C7-FE94348039D4}.Debug|Any CPU.Build.0 = Debug|Any CPU
		{3FAEFC44-A02D-40BF-89C7-FE94348039D4}.Debug|x64.ActiveCfg = Debug|Any CPU
		{3FAEFC44-A02D-40BF-89C7-FE94348039D4}.Debug|x64.Build.0 = Debug|Any CPU
		{3FAEFC44-A02D-40BF-89C7-FE94348039D4}.Debug|x86.ActiveCfg = Debug|Any CPU
		{3FAEFC44-A02D-40BF-89C7-FE94348039D4}.Debug|x86.Build.0 = Debug|Any CPU
		{3FAEFC44-A02D-40BF-89C7-FE94348039D4}.Release|Any CPU.ActiveCfg = Release|Any CPU
		{3FAEFC44-A02D-40BF-89C7-FE94348039D4}.Release|Any CPU.Build.0 = Release|Any CPU
		{3FAEFC44-A02D-40BF-89C7-FE94348039D4}.Release|x64.ActiveCfg = Release|Any CPU
		{3FAEFC44-A02D-40BF-89C7-FE94348039D4}.Release|x64.Build.0 = Release|Any CPU
		{3FAEFC44-A02D-40BF-89C7-FE94348039D4}.Release|x86.ActiveCfg = Release|Any CPU
		{3FAEFC44-A02D-40BF-89C7-FE94348039D4}.Release|x86.Build.0 = Release|Any CPU
		{EAB4ACCB-9A8F-4F06-9ED5-E6D2651B4B57}.Debug|Any CPU.ActiveCfg = Debug|Any CPU
		{EAB4ACCB-9A8F-4F06-9ED5-E6D2651B4B57}.Debug|Any CPU.Build.0 = Debug|Any CPU
		{EAB4ACCB-9A8F-4F06-9ED5-E6D2651B4B57}.Debug|x64.ActiveCfg = Debug|Any CPU
		{EAB4ACCB-9A8F-4F06-9ED5-E6D2651B4B57}.Debug|x64.Build.0 = Debug|Any CPU
		{EAB4ACCB-9A8F-4F06-9ED5-E6D2651B4B57}.Debug|x86.ActiveCfg = Debug|Any CPU
		{EAB4ACCB-9A8F-4F06-9ED5-E6D2651B4B57}.Debug|x86.Build.0 = Debug|Any CPU
		{EAB4ACCB-9A8F-4F06-9ED5-E6D2651B4B57}.Release|Any CPU.ActiveCfg = Release|Any CPU
		{EAB4ACCB-9A8F-4F06-9ED5-E6D2651B4B57}.Release|Any CPU.Build.0 = Release|Any CPU
		{EAB4ACCB-9A8F-4F06-9ED5-E6D2651B4B57}.Release|x64.ActiveCfg = Release|Any CPU
		{EAB4ACCB-9A8F-4F06-9ED5-E6D2651B4B57}.Release|x64.Build.0 = Release|Any CPU
		{EAB4ACCB-9A8F-4F06-9ED5-E6D2651B4B57}.Release|x86.ActiveCfg = Release|Any CPU
		{EAB4ACCB-9A8F-4F06-9ED5-E6D2651B4B57}.Release|x86.Build.0 = Release|Any CPU
		{8F47975C-D642-4737-B0C2-B814F1BF0B3C}.Debug|Any CPU.ActiveCfg = Debug|Any CPU
		{8F47975C-D642-4737-B0C2-B814F1BF0B3C}.Debug|Any CPU.Build.0 = Debug|Any CPU
		{8F47975C-D642-4737-B0C2-B814F1BF0B3C}.Debug|x64.ActiveCfg = Debug|Any CPU
		{8F47975C-D642-4737-B0C2-B814F1BF0B3C}.Debug|x64.Build.0 = Debug|Any CPU
		{8F47975C-D642-4737-B0C2-B814F1BF0B3C}.Debug|x86.ActiveCfg = Debug|Any CPU
		{8F47975C-D642-4737-B0C2-B814F1BF0B3C}.Debug|x86.Build.0 = Debug|Any CPU
		{8F47975C-D642-4737-B0C2-B814F1BF0B3C}.Release|Any CPU.ActiveCfg = Release|Any CPU
		{8F47975C-D642-4737-B0C2-B814F1BF0B3C}.Release|Any CPU.Build.0 = Release|Any CPU
		{8F47975C-D642-4737-B0C2-B814F1BF0B3C}.Release|x64.ActiveCfg = Release|Any CPU
		{8F47975C-D642-4737-B0C2-B814F1BF0B3C}.Release|x64.Build.0 = Release|Any CPU
		{8F47975C-D642-4737-B0C2-B814F1BF0B3C}.Release|x86.ActiveCfg = Release|Any CPU
		{8F47975C-D642-4737-B0C2-B814F1BF0B3C}.Release|x86.Build.0 = Release|Any CPU
		{7FFB8A34-B02A-48A6-A6FE-ED5D13B85C33}.Debug|Any CPU.ActiveCfg = Debug|Any CPU
		{7FFB8A34-B02A-48A6-A6FE-ED5D13B85C33}.Debug|Any CPU.Build.0 = Debug|Any CPU
		{7FFB8A34-B02A-48A6-A6FE-ED5D13B85C33}.Debug|x64.ActiveCfg = Debug|Any CPU
		{7FFB8A34-B02A-48A6-A6FE-ED5D13B85C33}.Debug|x64.Build.0 = Debug|Any CPU
		{7FFB8A34-B02A-48A6-A6FE-ED5D13B85C33}.Debug|x86.ActiveCfg = Debug|Any CPU
		{7FFB8A34-B02A-48A6-A6FE-ED5D13B85C33}.Debug|x86.Build.0 = Debug|Any CPU
		{7FFB8A34-B02A-48A6-A6FE-ED5D13B85C33}.Release|Any CPU.ActiveCfg = Release|Any CPU
		{7FFB8A34-B02A-48A6-A6FE-ED5D13B85C33}.Release|Any CPU.Build.0 = Release|Any CPU
		{7FFB8A34-B02A-48A6-A6FE-ED5D13B85C33}.Release|x64.ActiveCfg = Release|Any CPU
		{7FFB8A34-B02A-48A6-A6FE-ED5D13B85C33}.Release|x64.Build.0 = Release|Any CPU
		{7FFB8A34-B02A-48A6-A6FE-ED5D13B85C33}.Release|x86.ActiveCfg = Release|Any CPU
		{7FFB8A34-B02A-48A6-A6FE-ED5D13B85C33}.Release|x86.Build.0 = Release|Any CPU
		{434B1B37-A05C-49E6-A5CD-E123EFC5DA02}.Debug|Any CPU.ActiveCfg = Debug|Any CPU
		{434B1B37-A05C-49E6-A5CD-E123EFC5DA02}.Debug|Any CPU.Build.0 = Debug|Any CPU
		{434B1B37-A05C-49E6-A5CD-E123EFC5DA02}.Debug|x64.ActiveCfg = Debug|Any CPU
		{434B1B37-A05C-49E6-A5CD-E123EFC5DA02}.Debug|x64.Build.0 = Debug|Any CPU
		{434B1B37-A05C-49E6-A5CD-E123EFC5DA02}.Debug|x86.ActiveCfg = Debug|Any CPU
		{434B1B37-A05C-49E6-A5CD-E123EFC5DA02}.Debug|x86.Build.0 = Debug|Any CPU
		{434B1B37-A05C-49E6-A5CD-E123EFC5DA02}.Release|Any CPU.ActiveCfg = Release|Any CPU
		{434B1B37-A05C-49E6-A5CD-E123EFC5DA02}.Release|Any CPU.Build.0 = Release|Any CPU
		{434B1B37-A05C-49E6-A5CD-E123EFC5DA02}.Release|x64.ActiveCfg = Release|Any CPU
		{434B1B37-A05C-49E6-A5CD-E123EFC5DA02}.Release|x64.Build.0 = Release|Any CPU
		{434B1B37-A05C-49E6-A5CD-E123EFC5DA02}.Release|x86.ActiveCfg = Release|Any CPU
		{434B1B37-A05C-49E6-A5CD-E123EFC5DA02}.Release|x86.Build.0 = Release|Any CPU
		{30962CC6-CB24-4637-B7D3-4B1B382EDB9D}.Debug|Any CPU.ActiveCfg = Debug|x86
		{30962CC6-CB24-4637-B7D3-4B1B382EDB9D}.Debug|Any CPU.Build.0 = Debug|x86
		{30962CC6-CB24-4637-B7D3-4B1B382EDB9D}.Debug|x64.ActiveCfg = Debug|x64
		{30962CC6-CB24-4637-B7D3-4B1B382EDB9D}.Debug|x64.Build.0 = Debug|x64
		{30962CC6-CB24-4637-B7D3-4B1B382EDB9D}.Debug|x86.ActiveCfg = Debug|x86
		{30962CC6-CB24-4637-B7D3-4B1B382EDB9D}.Debug|x86.Build.0 = Debug|x86
		{30962CC6-CB24-4637-B7D3-4B1B382EDB9D}.Release|Any CPU.ActiveCfg = Release|x86
		{30962CC6-CB24-4637-B7D3-4B1B382EDB9D}.Release|Any CPU.Build.0 = Release|x86
		{30962CC6-CB24-4637-B7D3-4B1B382EDB9D}.Release|x64.ActiveCfg = Release|x64
		{30962CC6-CB24-4637-B7D3-4B1B382EDB9D}.Release|x64.Build.0 = Release|x64
		{30962CC6-CB24-4637-B7D3-4B1B382EDB9D}.Release|x86.ActiveCfg = Release|x86
		{30962CC6-CB24-4637-B7D3-4B1B382EDB9D}.Release|x86.Build.0 = Release|x86
		{E86FAC9E-F5B5-478C-B7F5-893626F9B89F}.Debug|Any CPU.ActiveCfg = Debug|x86
		{E86FAC9E-F5B5-478C-B7F5-893626F9B89F}.Debug|Any CPU.Build.0 = Debug|x86
		{E86FAC9E-F5B5-478C-B7F5-893626F9B89F}.Debug|x64.ActiveCfg = Debug|x64
		{E86FAC9E-F5B5-478C-B7F5-893626F9B89F}.Debug|x64.Build.0 = Debug|x64
		{E86FAC9E-F5B5-478C-B7F5-893626F9B89F}.Debug|x86.ActiveCfg = Debug|x86
		{E86FAC9E-F5B5-478C-B7F5-893626F9B89F}.Debug|x86.Build.0 = Debug|x86
		{E86FAC9E-F5B5-478C-B7F5-893626F9B89F}.Release|Any CPU.ActiveCfg = Release|x86
		{E86FAC9E-F5B5-478C-B7F5-893626F9B89F}.Release|Any CPU.Build.0 = Release|x86
		{E86FAC9E-F5B5-478C-B7F5-893626F9B89F}.Release|x64.ActiveCfg = Release|x64
		{E86FAC9E-F5B5-478C-B7F5-893626F9B89F}.Release|x64.Build.0 = Release|x64
		{E86FAC9E-F5B5-478C-B7F5-893626F9B89F}.Release|x86.ActiveCfg = Release|x86
		{E86FAC9E-F5B5-478C-B7F5-893626F9B89F}.Release|x86.Build.0 = Release|x86
		{03ED7AD8-06BC-40C1-82A7-0B3117C65AC5}.Debug|Any CPU.ActiveCfg = Debug|x86
		{03ED7AD8-06BC-40C1-82A7-0B3117C65AC5}.Debug|Any CPU.Build.0 = Debug|x86
		{03ED7AD8-06BC-40C1-82A7-0B3117C65AC5}.Debug|x64.ActiveCfg = Debug|x64
		{03ED7AD8-06BC-40C1-82A7-0B3117C65AC5}.Debug|x64.Build.0 = Debug|x64
		{03ED7AD8-06BC-40C1-82A7-0B3117C65AC5}.Debug|x86.ActiveCfg = Debug|x86
		{03ED7AD8-06BC-40C1-82A7-0B3117C65AC5}.Debug|x86.Build.0 = Debug|x86
		{03ED7AD8-06BC-40C1-82A7-0B3117C65AC5}.Release|Any CPU.ActiveCfg = Release|x86
		{03ED7AD8-06BC-40C1-82A7-0B3117C65AC5}.Release|Any CPU.Build.0 = Release|x86
		{03ED7AD8-06BC-40C1-82A7-0B3117C65AC5}.Release|x64.ActiveCfg = Release|x64
		{03ED7AD8-06BC-40C1-82A7-0B3117C65AC5}.Release|x64.Build.0 = Release|x64
		{03ED7AD8-06BC-40C1-82A7-0B3117C65AC5}.Release|x86.ActiveCfg = Release|x86
		{03ED7AD8-06BC-40C1-82A7-0B3117C65AC5}.Release|x86.Build.0 = Release|x86
	EndGlobalSection
	GlobalSection(SolutionProperties) = preSolution
		HideSolutionNode = FALSE
	EndGlobalSection
	GlobalSection(NestedProjects) = preSolution
		{0159955F-A1DB-42E8-9635-006D18E91FD0} = {827E0CD3-B72D-47B6-A68D-7590B98EB39B}
		{E0E9E670-03E0-4867-B6B3-29F11B7FD968} = {827E0CD3-B72D-47B6-A68D-7590B98EB39B}
		{3FAEFC44-A02D-40BF-89C7-FE94348039D4} = {827E0CD3-B72D-47B6-A68D-7590B98EB39B}
		{EAB4ACCB-9A8F-4F06-9ED5-E6D2651B4B57} = {827E0CD3-B72D-47B6-A68D-7590B98EB39B}
		{8F47975C-D642-4737-B0C2-B814F1BF0B3C} = {827E0CD3-B72D-47B6-A68D-7590B98EB39B}
		{7FFB8A34-B02A-48A6-A6FE-ED5D13B85C33} = {827E0CD3-B72D-47B6-A68D-7590B98EB39B}
		{434B1B37-A05C-49E6-A5CD-E123EFC5DA02} = {0AB3BF05-4346-4AA6-1389-037BE0695223}
		{30962CC6-CB24-4637-B7D3-4B1B382EDB9D} = {827E0CD3-B72D-47B6-A68D-7590B98EB39B}
		{E86FAC9E-F5B5-478C-B7F5-893626F9B89F} = {827E0CD3-B72D-47B6-A68D-7590B98EB39B}
		{03ED7AD8-06BC-40C1-82A7-0B3117C65AC5} = {827E0CD3-B72D-47B6-A68D-7590B98EB39B}
	EndGlobalSection
EndGlobal
